// !$*UTF8*$!
{
	archiveVersion = 1;
	classes = {
	};
	objectVersion = 46;
	objects = {

/* Begin PBXBuildFile section */
		5D2846D5FA11D5AB884161AD /* Pods_SPVTests.framework in Frameworks */ = {isa = PBXBuildFile; fileRef = EB0A1F310F3881531D77EFA8 /* Pods_SPVTests.framework */; };
		63396F071F40D91F000E5F3E /* Test06.mp4 in Resources */ = {isa = PBXBuildFile; fileRef = 63396F061F40D884000E5F3E /* Test06.mp4 */; };
		63396F091F40DE9E000E5F3E /* ImageCapture.js in Resources */ = {isa = PBXBuildFile; fileRef = 63396F081F40DE9E000E5F3E /* ImageCapture.js */; };
		63396F0C1F40ED58000E5F3E /* GetImage.js in Resources */ = {isa = PBXBuildFile; fileRef = 63396F0B1F40ED58000E5F3E /* GetImage.js */; };
		63396F0E1F40FB30000E5F3E /* DownloadManager.swift in Sources */ = {isa = PBXBuildFile; fileRef = 63396F0D1F40FB30000E5F3E /* DownloadManager.swift */; };
		639170031F374E15001E5ABE /* Test01.jpg in Resources */ = {isa = PBXBuildFile; fileRef = 63916FFF1F374E15001E5ABE /* Test01.jpg */; };
		639170041F374E15001E5ABE /* Test02.jpg in Resources */ = {isa = PBXBuildFile; fileRef = 639170001F374E15001E5ABE /* Test02.jpg */; };
		639170051F374E15001E5ABE /* Test03.jpg in Resources */ = {isa = PBXBuildFile; fileRef = 639170011F374E15001E5ABE /* Test03.jpg */; };
		639170061F374E15001E5ABE /* Test04.png in Resources */ = {isa = PBXBuildFile; fileRef = 639170021F374E15001E5ABE /* Test04.png */; };
		639170081F376001001E5ABE /* PhotoDetailsViewController.swift in Sources */ = {isa = PBXBuildFile; fileRef = 639170071F376001001E5ABE /* PhotoDetailsViewController.swift */; };
		639DBDB71F5B1D4700BDD48E /* DownloadManagerBase.swift in Sources */ = {isa = PBXBuildFile; fileRef = 639DBDB61F5B1D4700BDD48E /* DownloadManagerBase.swift */; };
		63D026E51F4F4E6B00006275 /* Download.swift in Sources */ = {isa = PBXBuildFile; fileRef = 63D026E41F4F4E6B00006275 /* Download.swift */; };
		71F28ACDE4A6A2675A6785C3 /* Pods_SPV.framework in Frameworks */ = {isa = PBXBuildFile; fileRef = 064FA0CADD57C68A9783FC5F /* Pods_SPV.framework */; settings = {ATTRIBUTES = (Weak, ); }; };
		F83143D1C156A235167784EC /* Pods_SPVUITests.framework in Frameworks */ = {isa = PBXBuildFile; fileRef = 5FF0ACB10349E2AD198B3392 /* Pods_SPVUITests.framework */; };
		F911A18E1FBA06A1009EF02C /* Setting.swift in Sources */ = {isa = PBXBuildFile; fileRef = F911A18D1FBA06A1009EF02C /* Setting.swift */; };
		F912DE131FB9834800037ABF /* BoolCell.swift in Sources */ = {isa = PBXBuildFile; fileRef = F912DE121FB9834800037ABF /* BoolCell.swift */; };
		F912DE151FB9856700037ABF /* SettingsCell.swift in Sources */ = {isa = PBXBuildFile; fileRef = F912DE141FB9856700037ABF /* SettingsCell.swift */; };
		F914D4F11F30E46200B9042E /* BaseTabBBarController.swift in Sources */ = {isa = PBXBuildFile; fileRef = F914D4F01F30E46200B9042E /* BaseTabBBarController.swift */; };
		F914D4F31F34D4BA00B9042E /* PhotoCell.swift in Sources */ = {isa = PBXBuildFile; fileRef = F914D4F21F34D4BA00B9042E /* PhotoCell.swift */; };
		F914D4F51F38C33A00B9042E /* MediaManager.swift in Sources */ = {isa = PBXBuildFile; fileRef = F914D4F41F38C33A00B9042E /* MediaManager.swift */; };
		F919C7AD1F699325008372F6 /* MediaInfoCell.swift in Sources */ = {isa = PBXBuildFile; fileRef = F919C7AC1F699325008372F6 /* MediaInfoCell.swift */; };
		F919C7AF1F699357008372F6 /* MediaInfoHeaderCell.swift in Sources */ = {isa = PBXBuildFile; fileRef = F919C7AE1F699357008372F6 /* MediaInfoHeaderCell.swift */; };
		F92FBF4A1F2B9D4600E99589 /* Helpful.js in Resources */ = {isa = PBXBuildFile; fileRef = F92FBF491F2B9D4600E99589 /* Helpful.js */; };
		F936CCA01FA70F3300813F2E /* UIScreenExtensions.swift in Sources */ = {isa = PBXBuildFile; fileRef = F936CC9F1FA70F3300813F2E /* UIScreenExtensions.swift */; };
		F93E26F11FB1A833001D0DAE /* CollapsibleSearchBar.swift in Sources */ = {isa = PBXBuildFile; fileRef = F93E26F01FB1A833001D0DAE /* CollapsibleSearchBar.swift */; };
		F942D12F1F9CE1100065C31B /* SearchCell.swift in Sources */ = {isa = PBXBuildFile; fileRef = F942D12E1F9CE1100065C31B /* SearchCell.swift */; };
		F942D1341F9DC3680065C31B /* CameraViewController.swift in Sources */ = {isa = PBXBuildFile; fileRef = F942D1331F9DC3680065C31B /* CameraViewController.swift */; };
		F969ACA01F55C98E005C7F8D /* HumanReadable.swift in Sources */ = {isa = PBXBuildFile; fileRef = F969AC9F1F55C98E005C7F8D /* HumanReadable.swift */; };
		F969ACA21F55C9D4005C7F8D /* HumanReadableTest.swift in Sources */ = {isa = PBXBuildFile; fileRef = F969ACA11F55C9D4005C7F8D /* HumanReadableTest.swift */; };
		F96D37B01FBCA8E100DD2F76 /* TextCell.swift in Sources */ = {isa = PBXBuildFile; fileRef = F96D37AF1FBCA8E100DD2F76 /* TextCell.swift */; };
		F96D37B21FBCABE100DD2F76 /* Settings.swift in Sources */ = {isa = PBXBuildFile; fileRef = F96D37B11FBCABE100DD2F76 /* Settings.swift */; };
		F96D37B41FBCAC0C00DD2F76 /* SettingT.swift in Sources */ = {isa = PBXBuildFile; fileRef = F96D37B31FBCAC0C00DD2F76 /* SettingT.swift */; };
		F96D37B61FBDFDE600DD2F76 /* ConstDataCell.swift in Sources */ = {isa = PBXBuildFile; fileRef = F96D37B51FBDFDE600DD2F76 /* ConstDataCell.swift */; };
		F973F8051F601A4200A5813B /* JSONTestHelper.swift in Sources */ = {isa = PBXBuildFile; fileRef = F973F8041F601A4200A5813B /* JSONTestHelper.swift */; };
		F973F8071F601AD600A5813B /* JSONHelper.swift in Sources */ = {isa = PBXBuildFile; fileRef = F973F8061F601AD600A5813B /* JSONHelper.swift */; };
		F97943AE1F6BA64C00739030 /* MediaInfoSubHeadingCell.swift in Sources */ = {isa = PBXBuildFile; fileRef = F97943AD1F6BA64C00739030 /* MediaInfoSubHeadingCell.swift */; };
		F97943B01F6FA96600739030 /* MediaTagCell.swift in Sources */ = {isa = PBXBuildFile; fileRef = F97943AF1F6FA96600739030 /* MediaTagCell.swift */; };
		F97943B21F702F6F00739030 /* MediaAddTagCell.swift in Sources */ = {isa = PBXBuildFile; fileRef = F97943B11F702F6F00739030 /* MediaAddTagCell.swift */; };
		F9BABAAA1F28F92F00000D9B /* AppDelegate.swift in Sources */ = {isa = PBXBuildFile; fileRef = F9BABAA91F28F92F00000D9B /* AppDelegate.swift */; };
		F9BABAAC1F28F92F00000D9B /* AlbumsViewController.swift in Sources */ = {isa = PBXBuildFile; fileRef = F9BABAAB1F28F92F00000D9B /* AlbumsViewController.swift */; };
		F9BABAAE1F28F92F00000D9B /* BrowserViewController.swift in Sources */ = {isa = PBXBuildFile; fileRef = F9BABAAD1F28F92F00000D9B /* BrowserViewController.swift */; };
		F9BABAB11F28F92F00000D9B /* Main.storyboard in Resources */ = {isa = PBXBuildFile; fileRef = F9BABAAF1F28F92F00000D9B /* Main.storyboard */; };
		F9BABAB31F28F92F00000D9B /* Assets.xcassets in Resources */ = {isa = PBXBuildFile; fileRef = F9BABAB21F28F92F00000D9B /* Assets.xcassets */; };
		F9BABAB61F28F92F00000D9B /* LaunchScreen.storyboard in Resources */ = {isa = PBXBuildFile; fileRef = F9BABAB41F28F92F00000D9B /* LaunchScreen.storyboard */; };
		F9BABAC11F28F92F00000D9B /* SPVTests.swift in Sources */ = {isa = PBXBuildFile; fileRef = F9BABAC01F28F92F00000D9B /* SPVTests.swift */; };
		F9BABACC1F28F92F00000D9B /* SPVUITests.swift in Sources */ = {isa = PBXBuildFile; fileRef = F9BABACB1F28F92F00000D9B /* SPVUITests.swift */; };
		F9BABADA1F28FB6D00000D9B /* SettingsViewController.swift in Sources */ = {isa = PBXBuildFile; fileRef = F9BABAD91F28FB6D00000D9B /* SettingsViewController.swift */; };
		F9C50C081F59376000EE79E5 /* FakeDownloadManager.swift in Sources */ = {isa = PBXBuildFile; fileRef = F9C50C071F59376000EE79E5 /* FakeDownloadManager.swift */; };
		F9C50C0A1F5E7EEF00EE79E5 /* Media.swift in Sources */ = {isa = PBXBuildFile; fileRef = F9C50C091F5E7EEF00EE79E5 /* Media.swift */; };
		F9C50C0C1F5E7F0600EE79E5 /* Photo.swift in Sources */ = {isa = PBXBuildFile; fileRef = F9C50C0B1F5E7F0600EE79E5 /* Photo.swift */; };
		F9C50C0E1F5E7F2900EE79E5 /* Video.swift in Sources */ = {isa = PBXBuildFile; fileRef = F9C50C0D1F5E7F2900EE79E5 /* Video.swift */; };
		F9C50C101F5E7F6200EE79E5 /* MediaInfo.swift in Sources */ = {isa = PBXBuildFile; fileRef = F9C50C0F1F5E7F6200EE79E5 /* MediaInfo.swift */; };
		F9C50C171F5E80F600EE79E5 /* Photo.json in Resources */ = {isa = PBXBuildFile; fileRef = F9C50C161F5E80F600EE79E5 /* Photo.json */; };
		F9C50C1B1F5F02DF00EE79E5 /* MediaInfoTest.swift in Sources */ = {isa = PBXBuildFile; fileRef = F9C50C1A1F5F02DF00EE79E5 /* MediaInfoTest.swift */; };
		F9C50C1D1F5F50B800EE79E5 /* Podfile in Resources */ = {isa = PBXBuildFile; fileRef = F9C50C1C1F5F50B800EE79E5 /* Podfile */; };
		F9C68BB51F860FF20094E5F3 /* URLBuilder.swift in Sources */ = {isa = PBXBuildFile; fileRef = F9C68BB41F860FF20094E5F3 /* URLBuilder.swift */; };
		F9C68BB71F8613500094E5F3 /* URLBuilderTests.swift in Sources */ = {isa = PBXBuildFile; fileRef = F9C68BB61F8613500094E5F3 /* URLBuilderTests.swift */; };
		F9D301851F5F591500ADEEF8 /* SwiftyJSON.framework in Frameworks */ = {isa = PBXBuildFile; fileRef = F9D3017D1F5F580400ADEEF8 /* SwiftyJSON.framework */; settings = {ATTRIBUTES = (Weak, ); }; };
		F9E7A2BA1FA0EACC00D1BCAC /* CameraController.swift in Sources */ = {isa = PBXBuildFile; fileRef = F9E7A2B91FA0EACC00D1BCAC /* CameraController.swift */; };
		F9E843C61F972F050075BA43 /* UIViewExtensions.swift in Sources */ = {isa = PBXBuildFile; fileRef = F9E843C51F972F050075BA43 /* UIViewExtensions.swift */; };
		F9F060A91F7C030B00AF6247 /* SearchScopeCell.swift in Sources */ = {isa = PBXBuildFile; fileRef = F9F060A81F7C030B00AF6247 /* SearchScopeCell.swift */; };
		F9F2D3CC1F3AEA9C00FD6F78 /* Test05.jpg in Resources */ = {isa = PBXBuildFile; fileRef = F9F2D3CB1F3AEA9C00FD6F78 /* Test05.jpg */; };
		F9F2D3CE1F3D892300FD6F78 /* PhotoScrollView.swift in Sources */ = {isa = PBXBuildFile; fileRef = F9F2D3CD1F3D892300FD6F78 /* PhotoScrollView.swift */; };
		F9F2D3D01F41CC5C00FD6F78 /* Test07.gif in Resources */ = {isa = PBXBuildFile; fileRef = F9F2D3CF1F41CC5C00FD6F78 /* Test07.gif */; };
		F9F2D3D21F42016C00FD6F78 /* Todo.rtf in Resources */ = {isa = PBXBuildFile; fileRef = F9F2D3D11F42016C00FD6F78 /* Todo.rtf */; };
		F9F2D3D41F42CE0200FD6F78 /* DownloadsViewController.swift in Sources */ = {isa = PBXBuildFile; fileRef = F9F2D3D31F42CE0200FD6F78 /* DownloadsViewController.swift */; };
		F9F2D3D61F42D3B200FD6F78 /* DownloadingCell.swift in Sources */ = {isa = PBXBuildFile; fileRef = F9F2D3D51F42D3B200FD6F78 /* DownloadingCell.swift */; };
		F9F2D3DB1F44202F00FD6F78 /* CircularProgressIndicator.swift in Sources */ = {isa = PBXBuildFile; fileRef = F9F2D3DA1F44202F00FD6F78 /* CircularProgressIndicator.swift */; };
		F9F2D3DD1F504E2E00FD6F78 /* DownloadTest.swift in Sources */ = {isa = PBXBuildFile; fileRef = F9F2D3DC1F504E2E00FD6F78 /* DownloadTest.swift */; };
		F9F5D0061F61283E00E16DAA /* MediaTest.swift in Sources */ = {isa = PBXBuildFile; fileRef = F9F5D0051F61283E00E16DAA /* MediaTest.swift */; };
		F9F5D0081F683BD100E16DAA /* MediaInfoViewController.swift in Sources */ = {isa = PBXBuildFile; fileRef = F9F5D0071F683BD100E16DAA /* MediaInfoViewController.swift */; };
/* End PBXBuildFile section */

/* Begin PBXContainerItemProxy section */
		F9BABABD1F28F92F00000D9B /* PBXContainerItemProxy */ = {
			isa = PBXContainerItemProxy;
			containerPortal = F9BABA9E1F28F92F00000D9B /* Project object */;
			proxyType = 1;
			remoteGlobalIDString = F9BABAA51F28F92F00000D9B;
			remoteInfo = SPV;
		};
		F9BABAC81F28F92F00000D9B /* PBXContainerItemProxy */ = {
			isa = PBXContainerItemProxy;
			containerPortal = F9BABA9E1F28F92F00000D9B /* Project object */;
			proxyType = 1;
			remoteGlobalIDString = F9BABAA51F28F92F00000D9B;
			remoteInfo = SPV;
		};
/* End PBXContainerItemProxy section */

/* Begin PBXFileReference section */
		064FA0CADD57C68A9783FC5F /* Pods_SPV.framework */ = {isa = PBXFileReference; explicitFileType = wrapper.framework; includeInIndex = 0; path = Pods_SPV.framework; sourceTree = BUILT_PRODUCTS_DIR; };
		5A28D6647DE20743C259D3AB /* Pods-SPVTests.debug.xcconfig */ = {isa = PBXFileReference; includeInIndex = 1; lastKnownFileType = text.xcconfig; name = "Pods-SPVTests.debug.xcconfig"; path = "Pods/Target Support Files/Pods-SPVTests/Pods-SPVTests.debug.xcconfig"; sourceTree = "<group>"; };
		5D0E3ACFE3A285D1619F90D5 /* Pods-SPV.debug.xcconfig */ = {isa = PBXFileReference; includeInIndex = 1; lastKnownFileType = text.xcconfig; name = "Pods-SPV.debug.xcconfig"; path = "Pods/Target Support Files/Pods-SPV/Pods-SPV.debug.xcconfig"; sourceTree = "<group>"; };
		5FF0ACB10349E2AD198B3392 /* Pods_SPVUITests.framework */ = {isa = PBXFileReference; explicitFileType = wrapper.framework; includeInIndex = 0; path = Pods_SPVUITests.framework; sourceTree = BUILT_PRODUCTS_DIR; };
		63396F061F40D884000E5F3E /* Test06.mp4 */ = {isa = PBXFileReference; lastKnownFileType = file; path = Test06.mp4; sourceTree = "<group>"; };
		63396F081F40DE9E000E5F3E /* ImageCapture.js */ = {isa = PBXFileReference; fileEncoding = 4; lastKnownFileType = sourcecode.javascript; path = ImageCapture.js; sourceTree = "<group>"; };
		63396F0B1F40ED58000E5F3E /* GetImage.js */ = {isa = PBXFileReference; fileEncoding = 4; lastKnownFileType = sourcecode.javascript; path = GetImage.js; sourceTree = "<group>"; };
		63396F0D1F40FB30000E5F3E /* DownloadManager.swift */ = {isa = PBXFileReference; fileEncoding = 4; lastKnownFileType = sourcecode.swift; path = DownloadManager.swift; sourceTree = "<group>"; };
		63916FFF1F374E15001E5ABE /* Test01.jpg */ = {isa = PBXFileReference; lastKnownFileType = image.jpeg; path = Test01.jpg; sourceTree = "<group>"; };
		639170001F374E15001E5ABE /* Test02.jpg */ = {isa = PBXFileReference; lastKnownFileType = image.jpeg; path = Test02.jpg; sourceTree = "<group>"; };
		639170011F374E15001E5ABE /* Test03.jpg */ = {isa = PBXFileReference; lastKnownFileType = image.jpeg; path = Test03.jpg; sourceTree = "<group>"; };
		639170021F374E15001E5ABE /* Test04.png */ = {isa = PBXFileReference; lastKnownFileType = image.png; path = Test04.png; sourceTree = "<group>"; };
		639170071F376001001E5ABE /* PhotoDetailsViewController.swift */ = {isa = PBXFileReference; fileEncoding = 4; lastKnownFileType = sourcecode.swift; path = PhotoDetailsViewController.swift; sourceTree = "<group>"; };
		639DBDB61F5B1D4700BDD48E /* DownloadManagerBase.swift */ = {isa = PBXFileReference; fileEncoding = 4; lastKnownFileType = sourcecode.swift; path = DownloadManagerBase.swift; sourceTree = "<group>"; };
		63D026E41F4F4E6B00006275 /* Download.swift */ = {isa = PBXFileReference; fileEncoding = 4; lastKnownFileType = sourcecode.swift; path = Download.swift; sourceTree = "<group>"; };
		9328CB9998CCD8F65BC61C17 /* Pods-SPV.release.xcconfig */ = {isa = PBXFileReference; includeInIndex = 1; lastKnownFileType = text.xcconfig; name = "Pods-SPV.release.xcconfig"; path = "Pods/Target Support Files/Pods-SPV/Pods-SPV.release.xcconfig"; sourceTree = "<group>"; };
		AC52E57A68173CDD83BE8A7A /* Pods-SPVUITests.release.xcconfig */ = {isa = PBXFileReference; includeInIndex = 1; lastKnownFileType = text.xcconfig; name = "Pods-SPVUITests.release.xcconfig"; path = "Pods/Target Support Files/Pods-SPVUITests/Pods-SPVUITests.release.xcconfig"; sourceTree = "<group>"; };
		BC127EBAD65730C6F23861F8 /* Pods-SPVTests.release.xcconfig */ = {isa = PBXFileReference; includeInIndex = 1; lastKnownFileType = text.xcconfig; name = "Pods-SPVTests.release.xcconfig"; path = "Pods/Target Support Files/Pods-SPVTests/Pods-SPVTests.release.xcconfig"; sourceTree = "<group>"; };
		EB0A1F310F3881531D77EFA8 /* Pods_SPVTests.framework */ = {isa = PBXFileReference; explicitFileType = wrapper.framework; includeInIndex = 0; path = Pods_SPVTests.framework; sourceTree = BUILT_PRODUCTS_DIR; };
		F06C7ADA6F4E39F46D3D4F51 /* Pods-SPVUITests.debug.xcconfig */ = {isa = PBXFileReference; includeInIndex = 1; lastKnownFileType = text.xcconfig; name = "Pods-SPVUITests.debug.xcconfig"; path = "Pods/Target Support Files/Pods-SPVUITests/Pods-SPVUITests.debug.xcconfig"; sourceTree = "<group>"; };
		F911A18D1FBA06A1009EF02C /* Setting.swift */ = {isa = PBXFileReference; lastKnownFileType = sourcecode.swift; path = Setting.swift; sourceTree = "<group>"; };
		F912DE121FB9834800037ABF /* BoolCell.swift */ = {isa = PBXFileReference; lastKnownFileType = sourcecode.swift; path = BoolCell.swift; sourceTree = "<group>"; };
		F912DE141FB9856700037ABF /* SettingsCell.swift */ = {isa = PBXFileReference; lastKnownFileType = sourcecode.swift; path = SettingsCell.swift; sourceTree = "<group>"; };
		F914D4F01F30E46200B9042E /* BaseTabBBarController.swift */ = {isa = PBXFileReference; fileEncoding = 4; lastKnownFileType = sourcecode.swift; path = BaseTabBBarController.swift; sourceTree = "<group>"; };
		F914D4F21F34D4BA00B9042E /* PhotoCell.swift */ = {isa = PBXFileReference; fileEncoding = 4; lastKnownFileType = sourcecode.swift; path = PhotoCell.swift; sourceTree = "<group>"; };
		F914D4F41F38C33A00B9042E /* MediaManager.swift */ = {isa = PBXFileReference; fileEncoding = 4; lastKnownFileType = sourcecode.swift; path = MediaManager.swift; sourceTree = "<group>"; };
		F919C7AC1F699325008372F6 /* MediaInfoCell.swift */ = {isa = PBXFileReference; fileEncoding = 4; lastKnownFileType = sourcecode.swift; path = MediaInfoCell.swift; sourceTree = "<group>"; };
		F919C7AE1F699357008372F6 /* MediaInfoHeaderCell.swift */ = {isa = PBXFileReference; fileEncoding = 4; lastKnownFileType = sourcecode.swift; path = MediaInfoHeaderCell.swift; sourceTree = "<group>"; };
		F92FBF491F2B9D4600E99589 /* Helpful.js */ = {isa = PBXFileReference; fileEncoding = 4; lastKnownFileType = sourcecode.javascript; path = Helpful.js; sourceTree = SOURCE_ROOT; };
		F936CC9F1FA70F3300813F2E /* UIScreenExtensions.swift */ = {isa = PBXFileReference; lastKnownFileType = sourcecode.swift; path = UIScreenExtensions.swift; sourceTree = "<group>"; };
		F93E26F01FB1A833001D0DAE /* CollapsibleSearchBar.swift */ = {isa = PBXFileReference; lastKnownFileType = sourcecode.swift; path = CollapsibleSearchBar.swift; sourceTree = "<group>"; };
		F942D12E1F9CE1100065C31B /* SearchCell.swift */ = {isa = PBXFileReference; lastKnownFileType = sourcecode.swift; path = SearchCell.swift; sourceTree = "<group>"; };
		F942D1331F9DC3680065C31B /* CameraViewController.swift */ = {isa = PBXFileReference; lastKnownFileType = sourcecode.swift; path = CameraViewController.swift; sourceTree = "<group>"; };
		F969AC9F1F55C98E005C7F8D /* HumanReadable.swift */ = {isa = PBXFileReference; fileEncoding = 4; lastKnownFileType = sourcecode.swift; path = HumanReadable.swift; sourceTree = "<group>"; };
		F969ACA11F55C9D4005C7F8D /* HumanReadableTest.swift */ = {isa = PBXFileReference; fileEncoding = 4; lastKnownFileType = sourcecode.swift; path = HumanReadableTest.swift; sourceTree = "<group>"; };
		F96D37AF1FBCA8E100DD2F76 /* TextCell.swift */ = {isa = PBXFileReference; lastKnownFileType = sourcecode.swift; path = TextCell.swift; sourceTree = "<group>"; };
		F96D37B11FBCABE100DD2F76 /* Settings.swift */ = {isa = PBXFileReference; lastKnownFileType = sourcecode.swift; path = Settings.swift; sourceTree = "<group>"; };
		F96D37B31FBCAC0C00DD2F76 /* SettingT.swift */ = {isa = PBXFileReference; lastKnownFileType = sourcecode.swift; path = SettingT.swift; sourceTree = "<group>"; };
		F96D37B51FBDFDE600DD2F76 /* ConstDataCell.swift */ = {isa = PBXFileReference; lastKnownFileType = sourcecode.swift; path = ConstDataCell.swift; sourceTree = "<group>"; };
		F973F8041F601A4200A5813B /* JSONTestHelper.swift */ = {isa = PBXFileReference; fileEncoding = 4; lastKnownFileType = sourcecode.swift; path = JSONTestHelper.swift; sourceTree = "<group>"; };
		F973F8061F601AD600A5813B /* JSONHelper.swift */ = {isa = PBXFileReference; fileEncoding = 4; lastKnownFileType = sourcecode.swift; path = JSONHelper.swift; sourceTree = "<group>"; };
		F97943AD1F6BA64C00739030 /* MediaInfoSubHeadingCell.swift */ = {isa = PBXFileReference; fileEncoding = 4; lastKnownFileType = sourcecode.swift; path = MediaInfoSubHeadingCell.swift; sourceTree = "<group>"; };
		F97943AF1F6FA96600739030 /* MediaTagCell.swift */ = {isa = PBXFileReference; fileEncoding = 4; lastKnownFileType = sourcecode.swift; path = MediaTagCell.swift; sourceTree = "<group>"; };
		F97943B11F702F6F00739030 /* MediaAddTagCell.swift */ = {isa = PBXFileReference; fileEncoding = 4; lastKnownFileType = sourcecode.swift; path = MediaAddTagCell.swift; sourceTree = "<group>"; };
		F9BABAA61F28F92F00000D9B /* SPV.app */ = {isa = PBXFileReference; explicitFileType = wrapper.application; includeInIndex = 0; path = SPV.app; sourceTree = BUILT_PRODUCTS_DIR; };
		F9BABAA91F28F92F00000D9B /* AppDelegate.swift */ = {isa = PBXFileReference; lastKnownFileType = sourcecode.swift; path = AppDelegate.swift; sourceTree = "<group>"; };
		F9BABAAB1F28F92F00000D9B /* AlbumsViewController.swift */ = {isa = PBXFileReference; lastKnownFileType = sourcecode.swift; path = AlbumsViewController.swift; sourceTree = "<group>"; };
		F9BABAAD1F28F92F00000D9B /* BrowserViewController.swift */ = {isa = PBXFileReference; lastKnownFileType = sourcecode.swift; path = BrowserViewController.swift; sourceTree = "<group>"; };
		F9BABAB01F28F92F00000D9B /* Base */ = {isa = PBXFileReference; lastKnownFileType = file.storyboard; name = Base; path = Base.lproj/Main.storyboard; sourceTree = "<group>"; };
		F9BABAB21F28F92F00000D9B /* Assets.xcassets */ = {isa = PBXFileReference; lastKnownFileType = folder.assetcatalog; path = Assets.xcassets; sourceTree = "<group>"; };
		F9BABAB51F28F92F00000D9B /* Base */ = {isa = PBXFileReference; lastKnownFileType = file.storyboard; name = Base; path = Base.lproj/LaunchScreen.storyboard; sourceTree = "<group>"; };
		F9BABAB71F28F92F00000D9B /* Info.plist */ = {isa = PBXFileReference; lastKnownFileType = text.plist.xml; path = Info.plist; sourceTree = "<group>"; };
		F9BABABC1F28F92F00000D9B /* SPVTests.xctest */ = {isa = PBXFileReference; explicitFileType = wrapper.cfbundle; includeInIndex = 0; path = SPVTests.xctest; sourceTree = BUILT_PRODUCTS_DIR; };
		F9BABAC01F28F92F00000D9B /* SPVTests.swift */ = {isa = PBXFileReference; lastKnownFileType = sourcecode.swift; path = SPVTests.swift; sourceTree = "<group>"; };
		F9BABAC21F28F92F00000D9B /* Info.plist */ = {isa = PBXFileReference; lastKnownFileType = text.plist.xml; path = Info.plist; sourceTree = "<group>"; };
		F9BABAC71F28F92F00000D9B /* SPVUITests.xctest */ = {isa = PBXFileReference; explicitFileType = wrapper.cfbundle; includeInIndex = 0; path = SPVUITests.xctest; sourceTree = BUILT_PRODUCTS_DIR; };
		F9BABACB1F28F92F00000D9B /* SPVUITests.swift */ = {isa = PBXFileReference; lastKnownFileType = sourcecode.swift; path = SPVUITests.swift; sourceTree = "<group>"; };
		F9BABACD1F28F92F00000D9B /* Info.plist */ = {isa = PBXFileReference; lastKnownFileType = text.plist.xml; path = Info.plist; sourceTree = "<group>"; };
		F9BABAD91F28FB6D00000D9B /* SettingsViewController.swift */ = {isa = PBXFileReference; fileEncoding = 4; lastKnownFileType = sourcecode.swift; path = SettingsViewController.swift; sourceTree = "<group>"; };
		F9C50C071F59376000EE79E5 /* FakeDownloadManager.swift */ = {isa = PBXFileReference; fileEncoding = 4; lastKnownFileType = sourcecode.swift; path = FakeDownloadManager.swift; sourceTree = "<group>"; };
		F9C50C091F5E7EEF00EE79E5 /* Media.swift */ = {isa = PBXFileReference; fileEncoding = 4; lastKnownFileType = sourcecode.swift; path = Media.swift; sourceTree = "<group>"; };
		F9C50C0B1F5E7F0600EE79E5 /* Photo.swift */ = {isa = PBXFileReference; fileEncoding = 4; lastKnownFileType = sourcecode.swift; path = Photo.swift; sourceTree = "<group>"; };
		F9C50C0D1F5E7F2900EE79E5 /* Video.swift */ = {isa = PBXFileReference; fileEncoding = 4; lastKnownFileType = sourcecode.swift; path = Video.swift; sourceTree = "<group>"; };
		F9C50C0F1F5E7F6200EE79E5 /* MediaInfo.swift */ = {isa = PBXFileReference; fileEncoding = 4; lastKnownFileType = sourcecode.swift; path = MediaInfo.swift; sourceTree = "<group>"; };
		F9C50C161F5E80F600EE79E5 /* Photo.json */ = {isa = PBXFileReference; fileEncoding = 4; lastKnownFileType = text.json; name = Photo.json; path = JSON/Photo.json; sourceTree = "<group>"; };
		F9C50C1A1F5F02DF00EE79E5 /* MediaInfoTest.swift */ = {isa = PBXFileReference; fileEncoding = 4; lastKnownFileType = sourcecode.swift; path = MediaInfoTest.swift; sourceTree = "<group>"; };
		F9C50C1C1F5F50B800EE79E5 /* Podfile */ = {isa = PBXFileReference; fileEncoding = 4; lastKnownFileType = text; path = Podfile; sourceTree = "<group>"; };
		F9C68BB41F860FF20094E5F3 /* URLBuilder.swift */ = {isa = PBXFileReference; lastKnownFileType = sourcecode.swift; path = URLBuilder.swift; sourceTree = "<group>"; };
		F9C68BB61F8613500094E5F3 /* URLBuilderTests.swift */ = {isa = PBXFileReference; lastKnownFileType = sourcecode.swift; path = URLBuilderTests.swift; sourceTree = "<group>"; };
		F9D3017D1F5F580400ADEEF8 /* SwiftyJSON.framework */ = {isa = PBXFileReference; lastKnownFileType = wrapper.framework; name = SwiftyJSON.framework; path = "../../../Library/Developer/Xcode/DerivedData/SPV-efrwuliddfrewpeoxhcadziytpjt/Build/Products/Debug-iphonesimulator/SwiftyJSON/SwiftyJSON.framework"; sourceTree = "<group>"; };
		F9D301871F5F592900ADEEF8 /* Foundation.framework */ = {isa = PBXFileReference; lastKnownFileType = wrapper.framework; name = Foundation.framework; path = System/Library/Frameworks/Foundation.framework; sourceTree = SDKROOT; };
		F9E7A2B91FA0EACC00D1BCAC /* CameraController.swift */ = {isa = PBXFileReference; lastKnownFileType = sourcecode.swift; path = CameraController.swift; sourceTree = "<group>"; };
		F9E843C51F972F050075BA43 /* UIViewExtensions.swift */ = {isa = PBXFileReference; lastKnownFileType = sourcecode.swift; path = UIViewExtensions.swift; sourceTree = "<group>"; };
		F9F060A81F7C030B00AF6247 /* SearchScopeCell.swift */ = {isa = PBXFileReference; lastKnownFileType = sourcecode.swift; path = SearchScopeCell.swift; sourceTree = "<group>"; };
		F9F2D3CB1F3AEA9C00FD6F78 /* Test05.jpg */ = {isa = PBXFileReference; lastKnownFileType = image.jpeg; path = Test05.jpg; sourceTree = "<group>"; };
		F9F2D3CD1F3D892300FD6F78 /* PhotoScrollView.swift */ = {isa = PBXFileReference; fileEncoding = 4; lastKnownFileType = sourcecode.swift; path = PhotoScrollView.swift; sourceTree = "<group>"; };
		F9F2D3CF1F41CC5C00FD6F78 /* Test07.gif */ = {isa = PBXFileReference; lastKnownFileType = image.gif; path = Test07.gif; sourceTree = "<group>"; };
		F9F2D3D11F42016C00FD6F78 /* Todo.rtf */ = {isa = PBXFileReference; fileEncoding = 4; lastKnownFileType = text.rtf; path = Todo.rtf; sourceTree = "<group>"; };
		F9F2D3D31F42CE0200FD6F78 /* DownloadsViewController.swift */ = {isa = PBXFileReference; fileEncoding = 4; lastKnownFileType = sourcecode.swift; path = DownloadsViewController.swift; sourceTree = "<group>"; };
		F9F2D3D51F42D3B200FD6F78 /* DownloadingCell.swift */ = {isa = PBXFileReference; fileEncoding = 4; lastKnownFileType = sourcecode.swift; path = DownloadingCell.swift; sourceTree = "<group>"; };
		F9F2D3DA1F44202F00FD6F78 /* CircularProgressIndicator.swift */ = {isa = PBXFileReference; fileEncoding = 4; lastKnownFileType = sourcecode.swift; path = CircularProgressIndicator.swift; sourceTree = "<group>"; };
		F9F2D3DC1F504E2E00FD6F78 /* DownloadTest.swift */ = {isa = PBXFileReference; fileEncoding = 4; lastKnownFileType = sourcecode.swift; path = DownloadTest.swift; sourceTree = "<group>"; };
		F9F5D0051F61283E00E16DAA /* MediaTest.swift */ = {isa = PBXFileReference; fileEncoding = 4; lastKnownFileType = sourcecode.swift; path = MediaTest.swift; sourceTree = "<group>"; };
		F9F5D0071F683BD100E16DAA /* MediaInfoViewController.swift */ = {isa = PBXFileReference; fileEncoding = 4; lastKnownFileType = sourcecode.swift; path = MediaInfoViewController.swift; sourceTree = "<group>"; };
/* End PBXFileReference section */

/* Begin PBXFrameworksBuildPhase section */
		F9BABAA31F28F92F00000D9B /* Frameworks */ = {
			isa = PBXFrameworksBuildPhase;
			buildActionMask = 2147483647;
			files = (
				F9D301851F5F591500ADEEF8 /* SwiftyJSON.framework in Frameworks */,
				71F28ACDE4A6A2675A6785C3 /* Pods_SPV.framework in Frameworks */,
			);
			runOnlyForDeploymentPostprocessing = 0;
		};
		F9BABAB91F28F92F00000D9B /* Frameworks */ = {
			isa = PBXFrameworksBuildPhase;
			buildActionMask = 2147483647;
			files = (
				5D2846D5FA11D5AB884161AD /* Pods_SPVTests.framework in Frameworks */,
			);
			runOnlyForDeploymentPostprocessing = 0;
		};
		F9BABAC41F28F92F00000D9B /* Frameworks */ = {
			isa = PBXFrameworksBuildPhase;
			buildActionMask = 2147483647;
			files = (
				F83143D1C156A235167784EC /* Pods_SPVUITests.framework in Frameworks */,
			);
			runOnlyForDeploymentPostprocessing = 0;
		};
/* End PBXFrameworksBuildPhase section */

/* Begin PBXGroup section */
		63396F0A1F40ED42000E5F3E /* JS */ = {
			isa = PBXGroup;
			children = (
				63396F081F40DE9E000E5F3E /* ImageCapture.js */,
				63396F0B1F40ED58000E5F3E /* GetImage.js */,
			);
			name = JS;
			sourceTree = "<group>";
		};
		63916FFE1F374E00001E5ABE /* TestData */ = {
			isa = PBXGroup;
			children = (
				F9F2D3CF1F41CC5C00FD6F78 /* Test07.gif */,
				63396F061F40D884000E5F3E /* Test06.mp4 */,
				63916FFF1F374E15001E5ABE /* Test01.jpg */,
				639170001F374E15001E5ABE /* Test02.jpg */,
				639170011F374E15001E5ABE /* Test03.jpg */,
				639170021F374E15001E5ABE /* Test04.png */,
				F9F2D3CB1F3AEA9C00FD6F78 /* Test05.jpg */,
			);
			name = TestData;
			sourceTree = "<group>";
		};
		ACF1C4F0A5321D869FBC7D32 /* Pods */ = {
			isa = PBXGroup;
			children = (
				5D0E3ACFE3A285D1619F90D5 /* Pods-SPV.debug.xcconfig */,
				9328CB9998CCD8F65BC61C17 /* Pods-SPV.release.xcconfig */,
				5A28D6647DE20743C259D3AB /* Pods-SPVTests.debug.xcconfig */,
				BC127EBAD65730C6F23861F8 /* Pods-SPVTests.release.xcconfig */,
				F06C7ADA6F4E39F46D3D4F51 /* Pods-SPVUITests.debug.xcconfig */,
				AC52E57A68173CDD83BE8A7A /* Pods-SPVUITests.release.xcconfig */,
			);
			name = Pods;
			sourceTree = "<group>";
		};
		BE4F0069430F43FF449A6BE9 /* Frameworks */ = {
			isa = PBXGroup;
			children = (
				F9D301871F5F592900ADEEF8 /* Foundation.framework */,
				F9D3017D1F5F580400ADEEF8 /* SwiftyJSON.framework */,
				064FA0CADD57C68A9783FC5F /* Pods_SPV.framework */,
				EB0A1F310F3881531D77EFA8 /* Pods_SPVTests.framework */,
				5FF0ACB10349E2AD198B3392 /* Pods_SPVUITests.framework */,
			);
			name = Frameworks;
			sourceTree = "<group>";
		};
		F912DE111FB9832A00037ABF /* Cells */ = {
			isa = PBXGroup;
			children = (
				F912DE121FB9834800037ABF /* BoolCell.swift */,
				F912DE141FB9856700037ABF /* SettingsCell.swift */,
				F96D37AF1FBCA8E100DD2F76 /* TextCell.swift */,
				F96D37B51FBDFDE600DD2F76 /* ConstDataCell.swift */,
			);
			name = Cells;
			sourceTree = "<group>";
		};
		F942D1301F9DC3330065C31B /* Camera */ = {
			isa = PBXGroup;
			children = (
				F942D1321F9DC3490065C31B /* Common */,
				F942D1311F9DC3420065C31B /* VCs */,
			);
			name = Camera;
			sourceTree = "<group>";
		};
		F942D1311F9DC3420065C31B /* VCs */ = {
			isa = PBXGroup;
			children = (
				F942D1331F9DC3680065C31B /* CameraViewController.swift */,
			);
			name = VCs;
			sourceTree = "<group>";
		};
		F942D1321F9DC3490065C31B /* Common */ = {
			isa = PBXGroup;
			children = (
				F9E7A2B91FA0EACC00D1BCAC /* CameraController.swift */,
			);
			name = Common;
			sourceTree = "<group>";
		};
		F98B8C331F767D2D00719CA6 /* Media Viewer */ = {
			isa = PBXGroup;
			children = (
				F98B8C341F767D6100719CA6 /* VCs */,
				F9F2D3CD1F3D892300FD6F78 /* PhotoScrollView.swift */,
				F98B8C351F767D7200719CA6 /* Cells */,
			);
			name = "Media Viewer";
			sourceTree = "<group>";
		};
		F98B8C341F767D6100719CA6 /* VCs */ = {
			isa = PBXGroup;
			children = (
				F9BABAAB1F28F92F00000D9B /* AlbumsViewController.swift */,
				639170071F376001001E5ABE /* PhotoDetailsViewController.swift */,
				F9F5D0071F683BD100E16DAA /* MediaInfoViewController.swift */,
			);
			name = VCs;
			sourceTree = "<group>";
		};
		F98B8C351F767D7200719CA6 /* Cells */ = {
			isa = PBXGroup;
			children = (
				F914D4F21F34D4BA00B9042E /* PhotoCell.swift */,
				F919C7AC1F699325008372F6 /* MediaInfoCell.swift */,
				F97943AF1F6FA96600739030 /* MediaTagCell.swift */,
				F97943B11F702F6F00739030 /* MediaAddTagCell.swift */,
				F919C7AE1F699357008372F6 /* MediaInfoHeaderCell.swift */,
				F97943AD1F6BA64C00739030 /* MediaInfoSubHeadingCell.swift */,
			);
			name = Cells;
			sourceTree = "<group>";
		};
		F98B8C361F767DD000719CA6 /* Browser */ = {
			isa = PBXGroup;
			children = (
				63396F0A1F40ED42000E5F3E /* JS */,
				63D026E41F4F4E6B00006275 /* Download.swift */,
				F98B8C381F767DE900719CA6 /* Cells */,
				F98B8C371F767DE200719CA6 /* VCs */,
			);
			name = Browser;
			sourceTree = "<group>";
		};
		F98B8C371F767DE200719CA6 /* VCs */ = {
			isa = PBXGroup;
			children = (
				F9BABAAD1F28F92F00000D9B /* BrowserViewController.swift */,
				F9F2D3D31F42CE0200FD6F78 /* DownloadsViewController.swift */,
			);
			name = VCs;
			sourceTree = "<group>";
		};
		F98B8C381F767DE900719CA6 /* Cells */ = {
			isa = PBXGroup;
			children = (
				F9F2D3D51F42D3B200FD6F78 /* DownloadingCell.swift */,
				F9F060A81F7C030B00AF6247 /* SearchScopeCell.swift */,
				F942D12E1F9CE1100065C31B /* SearchCell.swift */,
			);
			name = Cells;
			sourceTree = "<group>";
		};
		F98B8C391F767E2300719CA6 /* Common */ = {
			isa = PBXGroup;
			children = (
				F9F2D3D91F44201A00FD6F78 /* Controls */,
				F98B8C3A1F767E4300719CA6 /* Helpers */,
				F914D4F41F38C33A00B9042E /* MediaManager.swift */,
				63396F0D1F40FB30000E5F3E /* DownloadManager.swift */,
				F9C50C071F59376000EE79E5 /* FakeDownloadManager.swift */,
				639DBDB61F5B1D4700BDD48E /* DownloadManagerBase.swift */,
				F9C50C091F5E7EEF00EE79E5 /* Media.swift */,
				F9C50C0B1F5E7F0600EE79E5 /* Photo.swift */,
				F9C50C0D1F5E7F2900EE79E5 /* Video.swift */,
				F9C50C0F1F5E7F6200EE79E5 /* MediaInfo.swift */,
				F96D37B11FBCABE100DD2F76 /* Settings.swift */,
				F911A18D1FBA06A1009EF02C /* Setting.swift */,
				F96D37B31FBCAC0C00DD2F76 /* SettingT.swift */,
			);
			name = Common;
			sourceTree = "<group>";
		};
		F98B8C3A1F767E4300719CA6 /* Helpers */ = {
			isa = PBXGroup;
			children = (
				F969AC9F1F55C98E005C7F8D /* HumanReadable.swift */,
				F973F8061F601AD600A5813B /* JSONHelper.swift */,
				F9C68BB41F860FF20094E5F3 /* URLBuilder.swift */,
				F9E843C51F972F050075BA43 /* UIViewExtensions.swift */,
				F936CC9F1FA70F3300813F2E /* UIScreenExtensions.swift */,
			);
			name = Helpers;
			sourceTree = "<group>";
		};
		F98B8C3B1F767E6400719CA6 /* Settings */ = {
			isa = PBXGroup;
			children = (
				F912DE111FB9832A00037ABF /* Cells */,
				F98B8C3C1F767E8500719CA6 /* VCs */,
				F9BABAD91F28FB6D00000D9B /* SettingsViewController.swift */,
			);
			name = Settings;
			sourceTree = "<group>";
		};
		F98B8C3C1F767E8500719CA6 /* VCs */ = {
			isa = PBXGroup;
			children = (
			);
			name = VCs;
			sourceTree = "<group>";
		};
		F9BABA9D1F28F92F00000D9B = {
			isa = PBXGroup;
			children = (
				F9C50C1C1F5F50B800EE79E5 /* Podfile */,
				F9F2D3D11F42016C00FD6F78 /* Todo.rtf */,
				63916FFE1F374E00001E5ABE /* TestData */,
				F9BABAA81F28F92F00000D9B /* SPV */,
				F9BABABF1F28F92F00000D9B /* SPVTests */,
				F9BABACA1F28F92F00000D9B /* SPVUITests */,
				F9BABAA71F28F92F00000D9B /* Products */,
				BE4F0069430F43FF449A6BE9 /* Frameworks */,
				ACF1C4F0A5321D869FBC7D32 /* Pods */,
			);
			sourceTree = "<group>";
		};
		F9BABAA71F28F92F00000D9B /* Products */ = {
			isa = PBXGroup;
			children = (
				F9BABAA61F28F92F00000D9B /* SPV.app */,
				F9BABABC1F28F92F00000D9B /* SPVTests.xctest */,
				F9BABAC71F28F92F00000D9B /* SPVUITests.xctest */,
			);
			name = Products;
			sourceTree = "<group>";
		};
		F9BABAA81F28F92F00000D9B /* SPV */ = {
			isa = PBXGroup;
			children = (
				F942D1301F9DC3330065C31B /* Camera */,
				F98B8C391F767E2300719CA6 /* Common */,
				F98B8C331F767D2D00719CA6 /* Media Viewer */,
				F98B8C361F767DD000719CA6 /* Browser */,
				F98B8C3B1F767E6400719CA6 /* Settings */,
				F92FBF491F2B9D4600E99589 /* Helpful.js */,
				F9BABAA91F28F92F00000D9B /* AppDelegate.swift */,
				F9BABAAF1F28F92F00000D9B /* Main.storyboard */,
				F9BABAB21F28F92F00000D9B /* Assets.xcassets */,
				F9BABAB41F28F92F00000D9B /* LaunchScreen.storyboard */,
				F9BABAB71F28F92F00000D9B /* Info.plist */,
				F914D4F01F30E46200B9042E /* BaseTabBBarController.swift */,
			);
			path = SPV;
			sourceTree = "<group>";
		};
		F9BABABF1F28F92F00000D9B /* SPVTests */ = {
			isa = PBXGroup;
			children = (
				F9C50C151F5E80C400EE79E5 /* JSON */,
				F9F2D3DC1F504E2E00FD6F78 /* DownloadTest.swift */,
				F9BABAC01F28F92F00000D9B /* SPVTests.swift */,
				F9BABAC21F28F92F00000D9B /* Info.plist */,
				F969ACA11F55C9D4005C7F8D /* HumanReadableTest.swift */,
				F9C50C1A1F5F02DF00EE79E5 /* MediaInfoTest.swift */,
				F973F8041F601A4200A5813B /* JSONTestHelper.swift */,
				F9F5D0051F61283E00E16DAA /* MediaTest.swift */,
				F9C68BB61F8613500094E5F3 /* URLBuilderTests.swift */,
			);
			path = SPVTests;
			sourceTree = "<group>";
		};
		F9BABACA1F28F92F00000D9B /* SPVUITests */ = {
			isa = PBXGroup;
			children = (
				F9BABACB1F28F92F00000D9B /* SPVUITests.swift */,
				F9BABACD1F28F92F00000D9B /* Info.plist */,
			);
			path = SPVUITests;
			sourceTree = "<group>";
		};
		F9C50C151F5E80C400EE79E5 /* JSON */ = {
			isa = PBXGroup;
			children = (
				F9C50C161F5E80F600EE79E5 /* Photo.json */,
			);
			name = JSON;
			sourceTree = "<group>";
		};
		F9F2D3D91F44201A00FD6F78 /* Controls */ = {
			isa = PBXGroup;
			children = (
				F9F2D3DA1F44202F00FD6F78 /* CircularProgressIndicator.swift */,
				F93E26F01FB1A833001D0DAE /* CollapsibleSearchBar.swift */,
			);
			name = Controls;
			sourceTree = "<group>";
		};
/* End PBXGroup section */

/* Begin PBXNativeTarget section */
		F9BABAA51F28F92F00000D9B /* SPV */ = {
			isa = PBXNativeTarget;
			buildConfigurationList = F9BABAD01F28F92F00000D9B /* Build configuration list for PBXNativeTarget "SPV" */;
			buildPhases = (
				F424AD11C5DEEC4EFF1DCE9A /* [CP] Check Pods Manifest.lock */,
				F9BABAA21F28F92F00000D9B /* Sources */,
				F9BABAA31F28F92F00000D9B /* Frameworks */,
				F9BABAA41F28F92F00000D9B /* Resources */,
				503663183AA0B35CE9C7193A /* [CP] Embed Pods Frameworks */,
				15DA5BF632F9F4DE78139A15 /* [CP] Copy Pods Resources */,
			);
			buildRules = (
			);
			dependencies = (
			);
			name = SPV;
			productName = SPV;
			productReference = F9BABAA61F28F92F00000D9B /* SPV.app */;
			productType = "com.apple.product-type.application";
		};
		F9BABABB1F28F92F00000D9B /* SPVTests */ = {
			isa = PBXNativeTarget;
			buildConfigurationList = F9BABAD31F28F92F00000D9B /* Build configuration list for PBXNativeTarget "SPVTests" */;
			buildPhases = (
				0A94B390D6F5772E8DBA2149 /* [CP] Check Pods Manifest.lock */,
				F9BABAB81F28F92F00000D9B /* Sources */,
				F9BABAB91F28F92F00000D9B /* Frameworks */,
				F9BABABA1F28F92F00000D9B /* Resources */,
				D60A3747B645EB94A832971B /* [CP] Embed Pods Frameworks */,
				A6D4492C73251F429203B45D /* [CP] Copy Pods Resources */,
			);
			buildRules = (
			);
			dependencies = (
				F9BABABE1F28F92F00000D9B /* PBXTargetDependency */,
			);
			name = SPVTests;
			productName = SPVTests;
			productReference = F9BABABC1F28F92F00000D9B /* SPVTests.xctest */;
			productType = "com.apple.product-type.bundle.unit-test";
		};
		F9BABAC61F28F92F00000D9B /* SPVUITests */ = {
			isa = PBXNativeTarget;
			buildConfigurationList = F9BABAD61F28F92F00000D9B /* Build configuration list for PBXNativeTarget "SPVUITests" */;
			buildPhases = (
				390FA840CB1EDD014BE2C9AA /* [CP] Check Pods Manifest.lock */,
				F9BABAC31F28F92F00000D9B /* Sources */,
				F9BABAC41F28F92F00000D9B /* Frameworks */,
				F9BABAC51F28F92F00000D9B /* Resources */,
				04DDCF1B0E8EDCA35491877E /* [CP] Embed Pods Frameworks */,
				728FF841A0DD6BE43B88CB62 /* [CP] Copy Pods Resources */,
			);
			buildRules = (
			);
			dependencies = (
				F9BABAC91F28F92F00000D9B /* PBXTargetDependency */,
			);
			name = SPVUITests;
			productName = SPVUITests;
			productReference = F9BABAC71F28F92F00000D9B /* SPVUITests.xctest */;
			productType = "com.apple.product-type.bundle.ui-testing";
		};
/* End PBXNativeTarget section */

/* Begin PBXProject section */
		F9BABA9E1F28F92F00000D9B /* Project object */ = {
			isa = PBXProject;
			attributes = {
				LastSwiftUpdateCheck = 0830;
				LastUpgradeCheck = 0900;
				ORGANIZATIONNAME = dlatheron;
				TargetAttributes = {
					F9BABAA51F28F92F00000D9B = {
						CreatedOnToolsVersion = 8.3.3;
						DevelopmentTeam = 4NH6Q37JYD;
						LastSwiftMigration = 0900;
						ProvisioningStyle = Automatic;
					};
					F9BABABB1F28F92F00000D9B = {
						CreatedOnToolsVersion = 8.3.3;
						DevelopmentTeam = 4NH6Q37JYD;
						LastSwiftMigration = 0900;
						ProvisioningStyle = Automatic;
						TestTargetID = F9BABAA51F28F92F00000D9B;
					};
					F9BABAC61F28F92F00000D9B = {
						CreatedOnToolsVersion = 8.3.3;
						DevelopmentTeam = 4NH6Q37JYD;
						LastSwiftMigration = 0900;
						ProvisioningStyle = Automatic;
						TestTargetID = F9BABAA51F28F92F00000D9B;
					};
				};
			};
			buildConfigurationList = F9BABAA11F28F92F00000D9B /* Build configuration list for PBXProject "SPV" */;
			compatibilityVersion = "Xcode 3.2";
			developmentRegion = English;
			hasScannedForEncodings = 0;
			knownRegions = (
				en,
				Base,
			);
			mainGroup = F9BABA9D1F28F92F00000D9B;
			productRefGroup = F9BABAA71F28F92F00000D9B /* Products */;
			projectDirPath = "";
			projectRoot = "";
			targets = (
				F9BABAA51F28F92F00000D9B /* SPV */,
				F9BABABB1F28F92F00000D9B /* SPVTests */,
				F9BABAC61F28F92F00000D9B /* SPVUITests */,
			);
		};
/* End PBXProject section */

/* Begin PBXResourcesBuildPhase section */
		F9BABAA41F28F92F00000D9B /* Resources */ = {
			isa = PBXResourcesBuildPhase;
			buildActionMask = 2147483647;
			files = (
				F9F2D3D01F41CC5C00FD6F78 /* Test07.gif in Resources */,
				63396F071F40D91F000E5F3E /* Test06.mp4 in Resources */,
				63396F0C1F40ED58000E5F3E /* GetImage.js in Resources */,
				639170051F374E15001E5ABE /* Test03.jpg in Resources */,
				639170061F374E15001E5ABE /* Test04.png in Resources */,
				F9BABAB61F28F92F00000D9B /* LaunchScreen.storyboard in Resources */,
				F9F2D3CC1F3AEA9C00FD6F78 /* Test05.jpg in Resources */,
				F92FBF4A1F2B9D4600E99589 /* Helpful.js in Resources */,
				639170031F374E15001E5ABE /* Test01.jpg in Resources */,
				63396F091F40DE9E000E5F3E /* ImageCapture.js in Resources */,
				F9F2D3D21F42016C00FD6F78 /* Todo.rtf in Resources */,
				639170041F374E15001E5ABE /* Test02.jpg in Resources */,
				F9BABAB31F28F92F00000D9B /* Assets.xcassets in Resources */,
				F9BABAB11F28F92F00000D9B /* Main.storyboard in Resources */,
			);
			runOnlyForDeploymentPostprocessing = 0;
		};
		F9BABABA1F28F92F00000D9B /* Resources */ = {
			isa = PBXResourcesBuildPhase;
			buildActionMask = 2147483647;
			files = (
				F9C50C1D1F5F50B800EE79E5 /* Podfile in Resources */,
				F9C50C171F5E80F600EE79E5 /* Photo.json in Resources */,
			);
			runOnlyForDeploymentPostprocessing = 0;
		};
		F9BABAC51F28F92F00000D9B /* Resources */ = {
			isa = PBXResourcesBuildPhase;
			buildActionMask = 2147483647;
			files = (
			);
			runOnlyForDeploymentPostprocessing = 0;
		};
/* End PBXResourcesBuildPhase section */

/* Begin PBXShellScriptBuildPhase section */
		04DDCF1B0E8EDCA35491877E /* [CP] Embed Pods Frameworks */ = {
			isa = PBXShellScriptBuildPhase;
			buildActionMask = 2147483647;
			files = (
			);
			inputPaths = (
			);
			name = "[CP] Embed Pods Frameworks";
			outputPaths = (
			);
			runOnlyForDeploymentPostprocessing = 0;
			shellPath = /bin/sh;
			shellScript = "\"${SRCROOT}/Pods/Target Support Files/Pods-SPVUITests/Pods-SPVUITests-frameworks.sh\"\n";
			showEnvVarsInLog = 0;
		};
		0A94B390D6F5772E8DBA2149 /* [CP] Check Pods Manifest.lock */ = {
			isa = PBXShellScriptBuildPhase;
			buildActionMask = 2147483647;
			files = (
			);
			inputPaths = (
			);
			name = "[CP] Check Pods Manifest.lock";
			outputPaths = (
			);
			runOnlyForDeploymentPostprocessing = 0;
			shellPath = /bin/sh;
			shellScript = "diff \"${PODS_ROOT}/../Podfile.lock\" \"${PODS_ROOT}/Manifest.lock\" > /dev/null\nif [ $? != 0 ] ; then\n    # print error to STDERR\n    echo \"error: The sandbox is not in sync with the Podfile.lock. Run 'pod install' or update your CocoaPods installation.\" >&2\n    exit 1\nfi\n";
			showEnvVarsInLog = 0;
		};
		15DA5BF632F9F4DE78139A15 /* [CP] Copy Pods Resources */ = {
			isa = PBXShellScriptBuildPhase;
			buildActionMask = 2147483647;
			files = (
			);
			inputPaths = (
			);
			name = "[CP] Copy Pods Resources";
			outputPaths = (
			);
			runOnlyForDeploymentPostprocessing = 0;
			shellPath = /bin/sh;
			shellScript = "\"${SRCROOT}/Pods/Target Support Files/Pods-SPV/Pods-SPV-resources.sh\"\n";
			showEnvVarsInLog = 0;
		};
		390FA840CB1EDD014BE2C9AA /* [CP] Check Pods Manifest.lock */ = {
			isa = PBXShellScriptBuildPhase;
			buildActionMask = 2147483647;
			files = (
			);
			inputPaths = (
			);
			name = "[CP] Check Pods Manifest.lock";
			outputPaths = (
			);
			runOnlyForDeploymentPostprocessing = 0;
			shellPath = /bin/sh;
			shellScript = "diff \"${PODS_ROOT}/../Podfile.lock\" \"${PODS_ROOT}/Manifest.lock\" > /dev/null\nif [ $? != 0 ] ; then\n    # print error to STDERR\n    echo \"error: The sandbox is not in sync with the Podfile.lock. Run 'pod install' or update your CocoaPods installation.\" >&2\n    exit 1\nfi\n";
			showEnvVarsInLog = 0;
		};
		503663183AA0B35CE9C7193A /* [CP] Embed Pods Frameworks */ = {
			isa = PBXShellScriptBuildPhase;
			buildActionMask = 2147483647;
			files = (
			);
			inputPaths = (
			);
			name = "[CP] Embed Pods Frameworks";
			outputPaths = (
			);
			runOnlyForDeploymentPostprocessing = 0;
			shellPath = /bin/sh;
			shellScript = "\"${SRCROOT}/Pods/Target Support Files/Pods-SPV/Pods-SPV-frameworks.sh\"\n";
			showEnvVarsInLog = 0;
		};
		728FF841A0DD6BE43B88CB62 /* [CP] Copy Pods Resources */ = {
			isa = PBXShellScriptBuildPhase;
			buildActionMask = 2147483647;
			files = (
			);
			inputPaths = (
			);
			name = "[CP] Copy Pods Resources";
			outputPaths = (
			);
			runOnlyForDeploymentPostprocessing = 0;
			shellPath = /bin/sh;
			shellScript = "\"${SRCROOT}/Pods/Target Support Files/Pods-SPVUITests/Pods-SPVUITests-resources.sh\"\n";
			showEnvVarsInLog = 0;
		};
		A6D4492C73251F429203B45D /* [CP] Copy Pods Resources */ = {
			isa = PBXShellScriptBuildPhase;
			buildActionMask = 2147483647;
			files = (
			);
			inputPaths = (
			);
			name = "[CP] Copy Pods Resources";
			outputPaths = (
			);
			runOnlyForDeploymentPostprocessing = 0;
			shellPath = /bin/sh;
			shellScript = "\"${SRCROOT}/Pods/Target Support Files/Pods-SPVTests/Pods-SPVTests-resources.sh\"\n";
			showEnvVarsInLog = 0;
		};
		D60A3747B645EB94A832971B /* [CP] Embed Pods Frameworks */ = {
			isa = PBXShellScriptBuildPhase;
			buildActionMask = 2147483647;
			files = (
			);
			inputPaths = (
			);
			name = "[CP] Embed Pods Frameworks";
			outputPaths = (
			);
			runOnlyForDeploymentPostprocessing = 0;
			shellPath = /bin/sh;
			shellScript = "\"${SRCROOT}/Pods/Target Support Files/Pods-SPVTests/Pods-SPVTests-frameworks.sh\"\n";
			showEnvVarsInLog = 0;
		};
		F424AD11C5DEEC4EFF1DCE9A /* [CP] Check Pods Manifest.lock */ = {
			isa = PBXShellScriptBuildPhase;
			buildActionMask = 2147483647;
			files = (
			);
			inputPaths = (
			);
			name = "[CP] Check Pods Manifest.lock";
			outputPaths = (
			);
			runOnlyForDeploymentPostprocessing = 0;
			shellPath = /bin/sh;
			shellScript = "diff \"${PODS_ROOT}/../Podfile.lock\" \"${PODS_ROOT}/Manifest.lock\" > /dev/null\nif [ $? != 0 ] ; then\n    # print error to STDERR\n    echo \"error: The sandbox is not in sync with the Podfile.lock. Run 'pod install' or update your CocoaPods installation.\" >&2\n    exit 1\nfi\n";
			showEnvVarsInLog = 0;
		};
/* End PBXShellScriptBuildPhase section */

/* Begin PBXSourcesBuildPhase section */
		F9BABAA21F28F92F00000D9B /* Sources */ = {
			isa = PBXSourcesBuildPhase;
			buildActionMask = 2147483647;
			files = (
				63396F0E1F40FB30000E5F3E /* DownloadManager.swift in Sources */,
				639170081F376001001E5ABE /* PhotoDetailsViewController.swift in Sources */,
				F914D4F11F30E46200B9042E /* BaseTabBBarController.swift in Sources */,
				F973F8071F601AD600A5813B /* JSONHelper.swift in Sources */,
				63D026E51F4F4E6B00006275 /* Download.swift in Sources */,
				F9C68BB51F860FF20094E5F3 /* URLBuilder.swift in Sources */,
				F9E843C61F972F050075BA43 /* UIViewExtensions.swift in Sources */,
				F97943B21F702F6F00739030 /* MediaAddTagCell.swift in Sources */,
				639DBDB71F5B1D4700BDD48E /* DownloadManagerBase.swift in Sources */,
				F97943AE1F6BA64C00739030 /* MediaInfoSubHeadingCell.swift in Sources */,
				F936CCA01FA70F3300813F2E /* UIScreenExtensions.swift in Sources */,
				F914D4F51F38C33A00B9042E /* MediaManager.swift in Sources */,
				F912DE131FB9834800037ABF /* BoolCell.swift in Sources */,
				F96D37B61FBDFDE600DD2F76 /* ConstDataCell.swift in Sources */,
				F9F2D3CE1F3D892300FD6F78 /* PhotoScrollView.swift in Sources */,
				F942D12F1F9CE1100065C31B /* SearchCell.swift in Sources */,
				F9F060A91F7C030B00AF6247 /* SearchScopeCell.swift in Sources */,
				F912DE151FB9856700037ABF /* SettingsCell.swift in Sources */,
				F911A18E1FBA06A1009EF02C /* Setting.swift in Sources */,
				F969ACA01F55C98E005C7F8D /* HumanReadable.swift in Sources */,
				F96D37B21FBCABE100DD2F76 /* Settings.swift in Sources */,
				F93E26F11FB1A833001D0DAE /* CollapsibleSearchBar.swift in Sources */,
				F9BABAAE1F28F92F00000D9B /* BrowserViewController.swift in Sources */,
				F919C7AD1F699325008372F6 /* MediaInfoCell.swift in Sources */,
				F9C50C0E1F5E7F2900EE79E5 /* Video.swift in Sources */,
				F9C50C101F5E7F6200EE79E5 /* MediaInfo.swift in Sources */,
				F9E7A2BA1FA0EACC00D1BCAC /* CameraController.swift in Sources */,
				F942D1341F9DC3680065C31B /* CameraViewController.swift in Sources */,
				F9F2D3D41F42CE0200FD6F78 /* DownloadsViewController.swift in Sources */,
				F9BABAAA1F28F92F00000D9B /* AppDelegate.swift in Sources */,
				F919C7AF1F699357008372F6 /* MediaInfoHeaderCell.swift in Sources */,
				F9BABAAC1F28F92F00000D9B /* AlbumsViewController.swift in Sources */,
				F96D37B01FBCA8E100DD2F76 /* TextCell.swift in Sources */,
				F9C50C0C1F5E7F0600EE79E5 /* Photo.swift in Sources */,
				F96D37B41FBCAC0C00DD2F76 /* SettingT.swift in Sources */,
				F914D4F31F34D4BA00B9042E /* PhotoCell.swift in Sources */,
				F9F2D3DB1F44202F00FD6F78 /* CircularProgressIndicator.swift in Sources */,
				F9C50C0A1F5E7EEF00EE79E5 /* Media.swift in Sources */,
				F9F5D0081F683BD100E16DAA /* MediaInfoViewController.swift in Sources */,
				F9F2D3D61F42D3B200FD6F78 /* DownloadingCell.swift in Sources */,
				F97943B01F6FA96600739030 /* MediaTagCell.swift in Sources */,
				F9C50C081F59376000EE79E5 /* FakeDownloadManager.swift in Sources */,
				F9BABADA1F28FB6D00000D9B /* SettingsViewController.swift in Sources */,
			);
			runOnlyForDeploymentPostprocessing = 0;
		};
		F9BABAB81F28F92F00000D9B /* Sources */ = {
			isa = PBXSourcesBuildPhase;
			buildActionMask = 2147483647;
			files = (
				F9F5D0061F61283E00E16DAA /* MediaTest.swift in Sources */,
				F9BABAC11F28F92F00000D9B /* SPVTests.swift in Sources */,
				F973F8051F601A4200A5813B /* JSONTestHelper.swift in Sources */,
				F9C68BB71F8613500094E5F3 /* URLBuilderTests.swift in Sources */,
				F969ACA21F55C9D4005C7F8D /* HumanReadableTest.swift in Sources */,
				F9F2D3DD1F504E2E00FD6F78 /* DownloadTest.swift in Sources */,
				F9C50C1B1F5F02DF00EE79E5 /* MediaInfoTest.swift in Sources */,
			);
			runOnlyForDeploymentPostprocessing = 0;
		};
		F9BABAC31F28F92F00000D9B /* Sources */ = {
			isa = PBXSourcesBuildPhase;
			buildActionMask = 2147483647;
			files = (
				F9BABACC1F28F92F00000D9B /* SPVUITests.swift in Sources */,
			);
			runOnlyForDeploymentPostprocessing = 0;
		};
/* End PBXSourcesBuildPhase section */

/* Begin PBXTargetDependency section */
		F9BABABE1F28F92F00000D9B /* PBXTargetDependency */ = {
			isa = PBXTargetDependency;
			target = F9BABAA51F28F92F00000D9B /* SPV */;
			targetProxy = F9BABABD1F28F92F00000D9B /* PBXContainerItemProxy */;
		};
		F9BABAC91F28F92F00000D9B /* PBXTargetDependency */ = {
			isa = PBXTargetDependency;
			target = F9BABAA51F28F92F00000D9B /* SPV */;
			targetProxy = F9BABAC81F28F92F00000D9B /* PBXContainerItemProxy */;
		};
/* End PBXTargetDependency section */

/* Begin PBXVariantGroup section */
		F9BABAAF1F28F92F00000D9B /* Main.storyboard */ = {
			isa = PBXVariantGroup;
			children = (
				F9BABAB01F28F92F00000D9B /* Base */,
			);
			name = Main.storyboard;
			sourceTree = "<group>";
		};
		F9BABAB41F28F92F00000D9B /* LaunchScreen.storyboard */ = {
			isa = PBXVariantGroup;
			children = (
				F9BABAB51F28F92F00000D9B /* Base */,
			);
			name = LaunchScreen.storyboard;
			sourceTree = "<group>";
		};
/* End PBXVariantGroup section */

/* Begin XCBuildConfiguration section */
		F9BABACE1F28F92F00000D9B /* Debug */ = {
			isa = XCBuildConfiguration;
			buildSettings = {
				ALWAYS_SEARCH_USER_PATHS = NO;
				CLANG_ANALYZER_NONNULL = YES;
				CLANG_ANALYZER_NUMBER_OBJECT_CONVERSION = YES_AGGRESSIVE;
				CLANG_CXX_LANGUAGE_STANDARD = "gnu++0x";
				CLANG_CXX_LIBRARY = "libc++";
				CLANG_ENABLE_MODULES = YES;
				CLANG_ENABLE_OBJC_ARC = YES;
				CLANG_WARN_BLOCK_CAPTURE_AUTORELEASING = YES;
				CLANG_WARN_BOOL_CONVERSION = YES;
				CLANG_WARN_COMMA = YES;
				CLANG_WARN_CONSTANT_CONVERSION = YES;
				CLANG_WARN_DIRECT_OBJC_ISA_USAGE = YES_ERROR;
				CLANG_WARN_DOCUMENTATION_COMMENTS = YES;
				CLANG_WARN_EMPTY_BODY = YES;
				CLANG_WARN_ENUM_CONVERSION = YES;
				CLANG_WARN_INFINITE_RECURSION = YES;
				CLANG_WARN_INT_CONVERSION = YES;
				CLANG_WARN_NON_LITERAL_NULL_CONVERSION = YES;
				CLANG_WARN_OBJC_LITERAL_CONVERSION = YES;
				CLANG_WARN_OBJC_ROOT_CLASS = YES_ERROR;
				CLANG_WARN_RANGE_LOOP_ANALYSIS = YES;
				CLANG_WARN_STRICT_PROTOTYPES = YES;
				CLANG_WARN_SUSPICIOUS_MOVE = YES;
				CLANG_WARN_UNREACHABLE_CODE = YES;
				CLANG_WARN__DUPLICATE_METHOD_MATCH = YES;
				CODE_SIGN_IDENTITY = "iPhone Developer";
				"CODE_SIGN_IDENTITY[sdk=iphoneos*]" = "iPhone Developer";
				COPY_PHASE_STRIP = NO;
				DEBUG_INFORMATION_FORMAT = dwarf;
				DEVELOPMENT_TEAM = 4NH6Q37JYD;
				ENABLE_STRICT_OBJC_MSGSEND = YES;
				ENABLE_TESTABILITY = YES;
				GCC_C_LANGUAGE_STANDARD = gnu99;
				GCC_DYNAMIC_NO_PIC = NO;
				GCC_NO_COMMON_BLOCKS = YES;
				GCC_OPTIMIZATION_LEVEL = 0;
				GCC_PREPROCESSOR_DEFINITIONS = (
					"DEBUG=1",
					"$(inherited)",
				);
				GCC_WARN_64_TO_32_BIT_CONVERSION = YES;
				GCC_WARN_ABOUT_RETURN_TYPE = YES_ERROR;
				GCC_WARN_UNDECLARED_SELECTOR = YES;
				GCC_WARN_UNINITIALIZED_AUTOS = YES_AGGRESSIVE;
				GCC_WARN_UNUSED_FUNCTION = YES;
				GCC_WARN_UNUSED_VARIABLE = YES;
				IPHONEOS_DEPLOYMENT_TARGET = 11.0;
				MTL_ENABLE_DEBUG_INFO = YES;
				ONLY_ACTIVE_ARCH = YES;
				SDKROOT = iphoneos;
				SWIFT_ACTIVE_COMPILATION_CONDITIONS = DEBUG;
				SWIFT_OPTIMIZATION_LEVEL = "-Onone";
				SWIFT_VERSION = 4.0;
				TARGETED_DEVICE_FAMILY = "1,2";
			};
			name = Debug;
		};
		F9BABACF1F28F92F00000D9B /* Release */ = {
			isa = XCBuildConfiguration;
			buildSettings = {
				ALWAYS_SEARCH_USER_PATHS = NO;
				CLANG_ANALYZER_NONNULL = YES;
				CLANG_ANALYZER_NUMBER_OBJECT_CONVERSION = YES_AGGRESSIVE;
				CLANG_CXX_LANGUAGE_STANDARD = "gnu++0x";
				CLANG_CXX_LIBRARY = "libc++";
				CLANG_ENABLE_MODULES = YES;
				CLANG_ENABLE_OBJC_ARC = YES;
				CLANG_WARN_BLOCK_CAPTURE_AUTORELEASING = YES;
				CLANG_WARN_BOOL_CONVERSION = YES;
				CLANG_WARN_COMMA = YES;
				CLANG_WARN_CONSTANT_CONVERSION = YES;
				CLANG_WARN_DIRECT_OBJC_ISA_USAGE = YES_ERROR;
				CLANG_WARN_DOCUMENTATION_COMMENTS = YES;
				CLANG_WARN_EMPTY_BODY = YES;
				CLANG_WARN_ENUM_CONVERSION = YES;
				CLANG_WARN_INFINITE_RECURSION = YES;
				CLANG_WARN_INT_CONVERSION = YES;
				CLANG_WARN_NON_LITERAL_NULL_CONVERSION = YES;
				CLANG_WARN_OBJC_LITERAL_CONVERSION = YES;
				CLANG_WARN_OBJC_ROOT_CLASS = YES_ERROR;
				CLANG_WARN_RANGE_LOOP_ANALYSIS = YES;
				CLANG_WARN_STRICT_PROTOTYPES = YES;
				CLANG_WARN_SUSPICIOUS_MOVE = YES;
				CLANG_WARN_UNREACHABLE_CODE = YES;
				CLANG_WARN__DUPLICATE_METHOD_MATCH = YES;
				CODE_SIGN_IDENTITY = "iPhone Developer";
				"CODE_SIGN_IDENTITY[sdk=iphoneos*]" = "iPhone Developer";
				COPY_PHASE_STRIP = NO;
				DEBUG_INFORMATION_FORMAT = "dwarf-with-dsym";
				DEVELOPMENT_TEAM = 4NH6Q37JYD;
				ENABLE_NS_ASSERTIONS = NO;
				ENABLE_STRICT_OBJC_MSGSEND = YES;
				GCC_C_LANGUAGE_STANDARD = gnu99;
				GCC_NO_COMMON_BLOCKS = YES;
				GCC_WARN_64_TO_32_BIT_CONVERSION = YES;
				GCC_WARN_ABOUT_RETURN_TYPE = YES_ERROR;
				GCC_WARN_UNDECLARED_SELECTOR = YES;
				GCC_WARN_UNINITIALIZED_AUTOS = YES_AGGRESSIVE;
				GCC_WARN_UNUSED_FUNCTION = YES;
				GCC_WARN_UNUSED_VARIABLE = YES;
				IPHONEOS_DEPLOYMENT_TARGET = 11.0;
				MTL_ENABLE_DEBUG_INFO = NO;
				SDKROOT = iphoneos;
				SWIFT_OPTIMIZATION_LEVEL = "-Owholemodule";
				SWIFT_VERSION = 4.0;
				TARGETED_DEVICE_FAMILY = "1,2";
				VALIDATE_PRODUCT = YES;
			};
			name = Release;
		};
		F9BABAD11F28F92F00000D9B /* Debug */ = {
			isa = XCBuildConfiguration;
			baseConfigurationReference = 5D0E3ACFE3A285D1619F90D5 /* Pods-SPV.debug.xcconfig */;
			buildSettings = {
				ASSETCATALOG_COMPILER_APPICON_NAME = AppIcon;
				CODE_SIGN_IDENTITY = "iPhone Developer";
				"CODE_SIGN_IDENTITY[sdk=iphoneos*]" = "iPhone Developer";
				DEVELOPMENT_TEAM = 4NH6Q37JYD;
				INFOPLIST_FILE = SPV/Info.plist;
				IPHONEOS_DEPLOYMENT_TARGET = 11.0;
				LD_RUNPATH_SEARCH_PATHS = "$(inherited) @executable_path/Frameworks";
				PRODUCT_BUNDLE_IDENTIFIER = ellipseSoftware.SPV;
				PRODUCT_NAME = "$(TARGET_NAME)";
				SWIFT_SWIFT3_OBJC_INFERENCE = Default;
				SWIFT_VERSION = 4.0;
			};
			name = Debug;
		};
		F9BABAD21F28F92F00000D9B /* Release */ = {
			isa = XCBuildConfiguration;
			baseConfigurationReference = 9328CB9998CCD8F65BC61C17 /* Pods-SPV.release.xcconfig */;
			buildSettings = {
				ASSETCATALOG_COMPILER_APPICON_NAME = AppIcon;
				CODE_SIGN_IDENTITY = "iPhone Developer";
				DEVELOPMENT_TEAM = 4NH6Q37JYD;
				INFOPLIST_FILE = SPV/Info.plist;
				IPHONEOS_DEPLOYMENT_TARGET = 11.0;
				LD_RUNPATH_SEARCH_PATHS = "$(inherited) @executable_path/Frameworks";
				PRODUCT_BUNDLE_IDENTIFIER = ellipseSoftware.SPV;
				PRODUCT_NAME = "$(TARGET_NAME)";
				SWIFT_SWIFT3_OBJC_INFERENCE = Default;
				SWIFT_VERSION = 4.0;
			};
			name = Release;
		};
		F9BABAD41F28F92F00000D9B /* Debug */ = {
			isa = XCBuildConfiguration;
			baseConfigurationReference = 5A28D6647DE20743C259D3AB /* Pods-SPVTests.debug.xcconfig */;
			buildSettings = {
				ALWAYS_EMBED_SWIFT_STANDARD_LIBRARIES = YES;
				BUNDLE_LOADER = "$(TEST_HOST)";
				INFOPLIST_FILE = SPVTests/Info.plist;
				LD_RUNPATH_SEARCH_PATHS = "$(inherited) @executable_path/Frameworks @loader_path/Frameworks";
				PRODUCT_BUNDLE_IDENTIFIER = ellipseSoftware.SPVTests;
				PRODUCT_NAME = "$(TARGET_NAME)";
				SWIFT_SWIFT3_OBJC_INFERENCE = Default;
				SWIFT_VERSION = 4.0;
				TEST_HOST = "$(BUILT_PRODUCTS_DIR)/SPV.app/SPV";
			};
			name = Debug;
		};
		F9BABAD51F28F92F00000D9B /* Release */ = {
			isa = XCBuildConfiguration;
			baseConfigurationReference = BC127EBAD65730C6F23861F8 /* Pods-SPVTests.release.xcconfig */;
			buildSettings = {
				ALWAYS_EMBED_SWIFT_STANDARD_LIBRARIES = YES;
				BUNDLE_LOADER = "$(TEST_HOST)";
				INFOPLIST_FILE = SPVTests/Info.plist;
				LD_RUNPATH_SEARCH_PATHS = "$(inherited) @executable_path/Frameworks @loader_path/Frameworks";
				PRODUCT_BUNDLE_IDENTIFIER = ellipseSoftware.SPVTests;
				PRODUCT_NAME = "$(TARGET_NAME)";
				SWIFT_SWIFT3_OBJC_INFERENCE = Default;
				SWIFT_VERSION = 4.0;
				TEST_HOST = "$(BUILT_PRODUCTS_DIR)/SPV.app/SPV";
			};
			name = Release;
		};
		F9BABAD71F28F92F00000D9B /* Debug */ = {
			isa = XCBuildConfiguration;
			baseConfigurationReference = F06C7ADA6F4E39F46D3D4F51 /* Pods-SPVUITests.debug.xcconfig */;
			buildSettings = {
				ALWAYS_EMBED_SWIFT_STANDARD_LIBRARIES = YES;
				INFOPLIST_FILE = SPVUITests/Info.plist;
				LD_RUNPATH_SEARCH_PATHS = "$(inherited) @executable_path/Frameworks @loader_path/Frameworks";
				PRODUCT_BUNDLE_IDENTIFIER = ellipseSoftware.SPVUITests;
				PRODUCT_NAME = "$(TARGET_NAME)";
				SWIFT_SWIFT3_OBJC_INFERENCE = Default;
				SWIFT_VERSION = 4.0;
				TEST_TARGET_NAME = SPV;
			};
			name = Debug;
		};
		F9BABAD81F28F92F00000D9B /* Release */ = {
			isa = XCBuildConfiguration;
			baseConfigurationReference = AC52E57A68173CDD83BE8A7A /* Pods-SPVUITests.release.xcconfig */;
			buildSettings = {
				ALWAYS_EMBED_SWIFT_STANDARD_LIBRARIES = YES;
				INFOPLIST_FILE = SPVUITests/Info.plist;
				LD_RUNPATH_SEARCH_PATHS = "$(inherited) @executable_path/Frameworks @loader_path/Frameworks";
				PRODUCT_BUNDLE_IDENTIFIER = ellipseSoftware.SPVUITests;
				PRODUCT_NAME = "$(TARGET_NAME)";
				SWIFT_SWIFT3_OBJC_INFERENCE = Default;
				SWIFT_VERSION = 4.0;
				TEST_TARGET_NAME = SPV;
			};
			name = Release;
		};
/* End XCBuildConfiguration section */

/* Begin XCConfigurationList section */
		F9BABAA11F28F92F00000D9B /* Build configuration list for PBXProject "SPV" */ = {
			isa = XCConfigurationList;
			buildConfigurations = (
				F9BABACE1F28F92F00000D9B /* Debug */,
				F9BABACF1F28F92F00000D9B /* Release */,
			);
			defaultConfigurationIsVisible = 0;
			defaultConfigurationName = Release;
		};
		F9BABAD01F28F92F00000D9B /* Build configuration list for PBXNativeTarget "SPV" */ = {
			isa = XCConfigurationList;
			buildConfigurations = (
				F9BABAD11F28F92F00000D9B /* Debug */,
				F9BABAD21F28F92F00000D9B /* Release */,
			);
			defaultConfigurationIsVisible = 0;
			defaultConfigurationName = Release;
		};
		F9BABAD31F28F92F00000D9B /* Build configuration list for PBXNativeTarget "SPVTests" */ = {
			isa = XCConfigurationList;
			buildConfigurations = (
				F9BABAD41F28F92F00000D9B /* Debug */,
				F9BABAD51F28F92F00000D9B /* Release */,
			);
			defaultConfigurationIsVisible = 0;
			defaultConfigurationName = Release;
		};
		F9BABAD61F28F92F00000D9B /* Build configuration list for PBXNativeTarget "SPVUITests" */ = {
			isa = XCConfigurationList;
			buildConfigurations = (
				F9BABAD71F28F92F00000D9B /* Debug */,
				F9BABAD81F28F92F00000D9B /* Release */,
			);
			defaultConfigurationIsVisible = 0;
			defaultConfigurationName = Release;
		};
/* End XCConfigurationList section */
	};
	rootObject = F9BABA9E1F28F92F00000D9B /* Project object */;
}
